
Microsoft Visual Studio Solution File, Format Version 12.00
# Visual Studio Version 16
VisualStudioVersion = 16.0.30503.244
MinimumVisualStudioVersion = 10.0.40219.1
Project("{FAE04EC0-301F-11D3-BF4B-00C04F79EFBC}") = "PartyInvites", "PartyInvites.csproj", "{1335D3E5-9CF4-4668-93E2-FC498A7951FF}"
EndProject
Global
	GlobalSection(SolutionConfigurationPlatforms) = preSolution
		Debug|Any CPU = Debug|Any CPU
		Release|Any CPU = Release|Any CPU
	EndGlobalSection
	GlobalSection(ProjectConfigurationPlatforms) = postSolution
		{1335D3E5-9CF4-4668-93E2-FC498A7951FF}.Debug|Any CPU.ActiveCfg = Debug|Any CPU
		{1335D3E5-9CF4-4668-93E2-FC498A7951FF}.Debug|Any CPU.Build.0 = Debug|Any CPU
		{1335D3E5-9CF4-4668-93E2-FC498A7951FF}.Release|Any CPU.ActiveCfg = Release|Any CPU
		{1335D3E5-9CF4-4668-93E2-FC498A7951FF}.Release|Any CPU.Build.0 = Release|Any CPU
	EndGlobalSection
	GlobalSection(SolutionProperties) = preSolution
		HideSolutionNode = FALSE
	EndGlobalSection
	GlobalSection(ExtensibilityGlobals) = postSolution
		SolutionGuid = {4DEF3306-C5BD-4D84-A6C7-D8BC6DE8EB9B}
	EndGlobalSection
EndGlobal
